// !$*UTF8*$!
{
	archiveVersion = 1;
	classes = {
	};
	objectVersion = 50;
	objects = {

/* Begin PBXBuildFile section */
		7822E073B936F9B6E22DE4CC /* libPods-Test-eBay-AlbertoMotaTests.a in Frameworks */ = {isa = PBXBuildFile; fileRef = 0AAD8342174BFBDF18045731 /* libPods-Test-eBay-AlbertoMotaTests.a */; };
		7DF66CD74FD085B5145E6C10 /* libPods-Test-eBay-AlbertoMotaUITests.a in Frameworks */ = {isa = PBXBuildFile; fileRef = 169E6DD1F9FAA6CD994D26A7 /* libPods-Test-eBay-AlbertoMotaUITests.a */; };
		B2925895D667CCFC238ADA0A /* libPods-Test-eBay-AlbertoMota.a in Frameworks */ = {isa = PBXBuildFile; fileRef = E639DE05FC9CFD043627174A /* libPods-Test-eBay-AlbertoMota.a */; };
		D31718EB209304E400EF7279 /* libAFNetworking.a in Frameworks */ = {isa = PBXBuildFile; fileRef = D31718EA209304E400EF7279 /* libAFNetworking.a */; };
		D31718ED209319BE00EF7279 /* ElementView.xib in Resources */ = {isa = PBXBuildFile; fileRef = D31718EC209319BE00EF7279 /* ElementView.xib */; };
		D349176C209250760058D4F5 /* AppDelegate.m in Sources */ = {isa = PBXBuildFile; fileRef = D349176B209250760058D4F5 /* AppDelegate.m */; };
		D349176F209250760058D4F5 /* ViewController.m in Sources */ = {isa = PBXBuildFile; fileRef = D349176E209250760058D4F5 /* ViewController.m */; };
		D3491772209250760058D4F5 /* Main.storyboard in Resources */ = {isa = PBXBuildFile; fileRef = D3491770209250760058D4F5 /* Main.storyboard */; };
		D3491774209250770058D4F5 /* Assets.xcassets in Resources */ = {isa = PBXBuildFile; fileRef = D3491773209250770058D4F5 /* Assets.xcassets */; };
		D3491777209250770058D4F5 /* LaunchScreen.storyboard in Resources */ = {isa = PBXBuildFile; fileRef = D3491775209250770058D4F5 /* LaunchScreen.storyboard */; };
		D349177A209250770058D4F5 /* main.m in Sources */ = {isa = PBXBuildFile; fileRef = D3491779209250770058D4F5 /* main.m */; };
		D3491784209250770058D4F5 /* Test_eBay_AlbertoMotaTests.m in Sources */ = {isa = PBXBuildFile; fileRef = D3491783209250770058D4F5 /* Test_eBay_AlbertoMotaTests.m */; };
		D349178F209250770058D4F5 /* Test_eBay_AlbertoMotaUITests.m in Sources */ = {isa = PBXBuildFile; fileRef = D349178E209250770058D4F5 /* Test_eBay_AlbertoMotaUITests.m */; };
		D34917A620925EAC0058D4F5 /* QuartzCore.framework in Frameworks */ = {isa = PBXBuildFile; fileRef = D34917A520925EAC0058D4F5 /* QuartzCore.framework */; };
		D34917AF2092A8D60058D4F5 /* InfiniteScrollView.m in Sources */ = {isa = PBXBuildFile; fileRef = D34917AE2092A8D60058D4F5 /* InfiniteScrollView.m */; };
		D34917B22092C0770058D4F5 /* ElementView.m in Sources */ = {isa = PBXBuildFile; fileRef = D34917B12092C0770058D4F5 /* ElementView.m */; };
/* End PBXBuildFile section */

/* Begin PBXContainerItemProxy section */
		D3491780209250770058D4F5 /* PBXContainerItemProxy */ = {
			isa = PBXContainerItemProxy;
			containerPortal = D349175F209250760058D4F5 /* Project object */;
			proxyType = 1;
			remoteGlobalIDString = D3491766209250760058D4F5;
			remoteInfo = "Test-eBay-AlbertoMota";
		};
		D349178B209250770058D4F5 /* PBXContainerItemProxy */ = {
			isa = PBXContainerItemProxy;
			containerPortal = D349175F209250760058D4F5 /* Project object */;
			proxyType = 1;
			remoteGlobalIDString = D3491766209250760058D4F5;
			remoteInfo = "Test-eBay-AlbertoMota";
		};
/* End PBXContainerItemProxy section */

/* Begin PBXFileReference section */
		048294C0A27F54E5A81A88FA /* Pods-Test-eBay-AlbertoMota.debug.xcconfig */ = {isa = PBXFileReference; includeInIndex = 1; lastKnownFileType = text.xcconfig; name = "Pods-Test-eBay-AlbertoMota.debug.xcconfig"; path = "Pods/Target Support Files/Pods-Test-eBay-AlbertoMota/Pods-Test-eBay-AlbertoMota.debug.xcconfig"; sourceTree = "<group>"; };
		0AAD8342174BFBDF18045731 /* libPods-Test-eBay-AlbertoMotaTests.a */ = {isa = PBXFileReference; explicitFileType = archive.ar; includeInIndex = 0; path = "libPods-Test-eBay-AlbertoMotaTests.a"; sourceTree = BUILT_PRODUCTS_DIR; };
		169E6DD1F9FAA6CD994D26A7 /* libPods-Test-eBay-AlbertoMotaUITests.a */ = {isa = PBXFileReference; explicitFileType = archive.ar; includeInIndex = 0; path = "libPods-Test-eBay-AlbertoMotaUITests.a"; sourceTree = BUILT_PRODUCTS_DIR; };
		1EFB1FC173DF77301835EB79 /* Pods-Test-eBay-AlbertoMotaUITests.release.xcconfig */ = {isa = PBXFileReference; includeInIndex = 1; lastKnownFileType = text.xcconfig; name = "Pods-Test-eBay-AlbertoMotaUITests.release.xcconfig"; path = "Pods/Target Support Files/Pods-Test-eBay-AlbertoMotaUITests/Pods-Test-eBay-AlbertoMotaUITests.release.xcconfig"; sourceTree = "<group>"; };
		249AB7B08B1B00CE95BC8BB6 /* Pods-Test-eBay-AlbertoMota.release.xcconfig */ = {isa = PBXFileReference; includeInIndex = 1; lastKnownFileType = text.xcconfig; name = "Pods-Test-eBay-AlbertoMota.release.xcconfig"; path = "Pods/Target Support Files/Pods-Test-eBay-AlbertoMota/Pods-Test-eBay-AlbertoMota.release.xcconfig"; sourceTree = "<group>"; };
		D31718EA209304E400EF7279 /* libAFNetworking.a */ = {isa = PBXFileReference; explicitFileType = archive.ar; path = libAFNetworking.a; sourceTree = BUILT_PRODUCTS_DIR; };
		D31718EC209319BE00EF7279 /* ElementView.xib */ = {isa = PBXFileReference; lastKnownFileType = file.xib; path = ElementView.xib; sourceTree = "<group>"; };
		D3491767209250760058D4F5 /* Test-eBay-AlbertoMota.app */ = {isa = PBXFileReference; explicitFileType = wrapper.application; includeInIndex = 0; path = "Test-eBay-AlbertoMota.app"; sourceTree = BUILT_PRODUCTS_DIR; };
		D349176A209250760058D4F5 /* AppDelegate.h */ = {isa = PBXFileReference; lastKnownFileType = sourcecode.c.h; path = AppDelegate.h; sourceTree = "<group>"; };
		D349176B209250760058D4F5 /* AppDelegate.m */ = {isa = PBXFileReference; lastKnownFileType = sourcecode.c.objc; path = AppDelegate.m; sourceTree = "<group>"; };
		D349176D209250760058D4F5 /* ViewController.h */ = {isa = PBXFileReference; lastKnownFileType = sourcecode.c.h; path = ViewController.h; sourceTree = "<group>"; };
		D349176E209250760058D4F5 /* ViewController.m */ = {isa = PBXFileReference; lastKnownFileType = sourcecode.c.objc; path = ViewController.m; sourceTree = "<group>"; };
		D3491771209250760058D4F5 /* Base */ = {isa = PBXFileReference; lastKnownFileType = file.storyboard; name = Base; path = Base.lproj/Main.storyboard; sourceTree = "<group>"; };
		D3491773209250770058D4F5 /* Assets.xcassets */ = {isa = PBXFileReference; lastKnownFileType = folder.assetcatalog; path = Assets.xcassets; sourceTree = "<group>"; };
		D3491776209250770058D4F5 /* Base */ = {isa = PBXFileReference; lastKnownFileType = file.storyboard; name = Base; path = Base.lproj/LaunchScreen.storyboard; sourceTree = "<group>"; };
		D3491778209250770058D4F5 /* Info.plist */ = {isa = PBXFileReference; lastKnownFileType = text.plist.xml; path = Info.plist; sourceTree = "<group>"; };
		D3491779209250770058D4F5 /* main.m */ = {isa = PBXFileReference; lastKnownFileType = sourcecode.c.objc; path = main.m; sourceTree = "<group>"; };
		D349177F209250770058D4F5 /* Test-eBay-AlbertoMotaTests.xctest */ = {isa = PBXFileReference; explicitFileType = wrapper.cfbundle; includeInIndex = 0; path = "Test-eBay-AlbertoMotaTests.xctest"; sourceTree = BUILT_PRODUCTS_DIR; };
		D3491783209250770058D4F5 /* Test_eBay_AlbertoMotaTests.m */ = {isa = PBXFileReference; lastKnownFileType = sourcecode.c.objc; path = Test_eBay_AlbertoMotaTests.m; sourceTree = "<group>"; };
		D3491785209250770058D4F5 /* Info.plist */ = {isa = PBXFileReference; lastKnownFileType = text.plist.xml; path = Info.plist; sourceTree = "<group>"; };
		D349178A209250770058D4F5 /* Test-eBay-AlbertoMotaUITests.xctest */ = {isa = PBXFileReference; explicitFileType = wrapper.cfbundle; includeInIndex = 0; path = "Test-eBay-AlbertoMotaUITests.xctest"; sourceTree = BUILT_PRODUCTS_DIR; };
		D349178E209250770058D4F5 /* Test_eBay_AlbertoMotaUITests.m */ = {isa = PBXFileReference; lastKnownFileType = sourcecode.c.objc; path = Test_eBay_AlbertoMotaUITests.m; sourceTree = "<group>"; };
		D3491790209250770058D4F5 /* Info.plist */ = {isa = PBXFileReference; lastKnownFileType = text.plist.xml; path = Info.plist; sourceTree = "<group>"; };
		D34917A520925EAC0058D4F5 /* QuartzCore.framework */ = {isa = PBXFileReference; lastKnownFileType = wrapper.framework; name = QuartzCore.framework; path = System/Library/Frameworks/QuartzCore.framework; sourceTree = SDKROOT; };
		D34917AD2092A8D60058D4F5 /* InfiniteScrollView.h */ = {isa = PBXFileReference; lastKnownFileType = sourcecode.c.h; path = InfiniteScrollView.h; sourceTree = "<group>"; };
		D34917AE2092A8D60058D4F5 /* InfiniteScrollView.m */ = {isa = PBXFileReference; lastKnownFileType = sourcecode.c.objc; path = InfiniteScrollView.m; sourceTree = "<group>"; };
		D34917B02092C0770058D4F5 /* ElementView.h */ = {isa = PBXFileReference; lastKnownFileType = sourcecode.c.h; path = ElementView.h; sourceTree = "<group>"; };
		D34917B12092C0770058D4F5 /* ElementView.m */ = {isa = PBXFileReference; lastKnownFileType = sourcecode.c.objc; path = ElementView.m; sourceTree = "<group>"; };
		D459D806A2C6CFE68CBD2573 /* Pods-Test-eBay-AlbertoMotaTests.release.xcconfig */ = {isa = PBXFileReference; includeInIndex = 1; lastKnownFileType = text.xcconfig; name = "Pods-Test-eBay-AlbertoMotaTests.release.xcconfig"; path = "Pods/Target Support Files/Pods-Test-eBay-AlbertoMotaTests/Pods-Test-eBay-AlbertoMotaTests.release.xcconfig"; sourceTree = "<group>"; };
		DA376BD8EA7E338551918E89 /* Pods-Test-eBay-AlbertoMotaTests.debug.xcconfig */ = {isa = PBXFileReference; includeInIndex = 1; lastKnownFileType = text.xcconfig; name = "Pods-Test-eBay-AlbertoMotaTests.debug.xcconfig"; path = "Pods/Target Support Files/Pods-Test-eBay-AlbertoMotaTests/Pods-Test-eBay-AlbertoMotaTests.debug.xcconfig"; sourceTree = "<group>"; };
		E039BA1658BFDAA78054E6C1 /* Pods-Test-eBay-AlbertoMotaUITests.debug.xcconfig */ = {isa = PBXFileReference; includeInIndex = 1; lastKnownFileType = text.xcconfig; name = "Pods-Test-eBay-AlbertoMotaUITests.debug.xcconfig"; path = "Pods/Target Support Files/Pods-Test-eBay-AlbertoMotaUITests/Pods-Test-eBay-AlbertoMotaUITests.debug.xcconfig"; sourceTree = "<group>"; };
		E639DE05FC9CFD043627174A /* libPods-Test-eBay-AlbertoMota.a */ = {isa = PBXFileReference; explicitFileType = archive.ar; includeInIndex = 0; path = "libPods-Test-eBay-AlbertoMota.a"; sourceTree = BUILT_PRODUCTS_DIR; };
/* End PBXFileReference section */

/* Begin PBXFrameworksBuildPhase section */
		D3491764209250760058D4F5 /* Frameworks */ = {
			isa = PBXFrameworksBuildPhase;
			buildActionMask = 2147483647;
			files = (
				D31718EB209304E400EF7279 /* libAFNetworking.a in Frameworks */,
				D34917A620925EAC0058D4F5 /* QuartzCore.framework in Frameworks */,
				B2925895D667CCFC238ADA0A /* libPods-Test-eBay-AlbertoMota.a in Frameworks */,
			);
			runOnlyForDeploymentPostprocessing = 0;
		};
		D349177C209250770058D4F5 /* Frameworks */ = {
			isa = PBXFrameworksBuildPhase;
			buildActionMask = 2147483647;
			files = (
				7822E073B936F9B6E22DE4CC /* libPods-Test-eBay-AlbertoMotaTests.a in Frameworks */,
			);
			runOnlyForDeploymentPostprocessing = 0;
		};
		D3491787209250770058D4F5 /* Frameworks */ = {
			isa = PBXFrameworksBuildPhase;
			buildActionMask = 2147483647;
			files = (
				7DF66CD74FD085B5145E6C10 /* libPods-Test-eBay-AlbertoMotaUITests.a in Frameworks */,
			);
			runOnlyForDeploymentPostprocessing = 0;
		};
/* End PBXFrameworksBuildPhase section */

/* Begin PBXGroup section */
		9BBB95432B629C4ECFCFBD57 /* Pods */ = {
			isa = PBXGroup;
			children = (
				048294C0A27F54E5A81A88FA /* Pods-Test-eBay-AlbertoMota.debug.xcconfig */,
				249AB7B08B1B00CE95BC8BB6 /* Pods-Test-eBay-AlbertoMota.release.xcconfig */,
				DA376BD8EA7E338551918E89 /* Pods-Test-eBay-AlbertoMotaTests.debug.xcconfig */,
				D459D806A2C6CFE68CBD2573 /* Pods-Test-eBay-AlbertoMotaTests.release.xcconfig */,
				E039BA1658BFDAA78054E6C1 /* Pods-Test-eBay-AlbertoMotaUITests.debug.xcconfig */,
				1EFB1FC173DF77301835EB79 /* Pods-Test-eBay-AlbertoMotaUITests.release.xcconfig */,
			);
			name = Pods;
			sourceTree = "<group>";
		};
		D349175E209250760058D4F5 = {
			isa = PBXGroup;
			children = (
				D3491769209250760058D4F5 /* Test-eBay-AlbertoMota */,
				D3491782209250770058D4F5 /* Test-eBay-AlbertoMotaTests */,
				D349178D209250770058D4F5 /* Test-eBay-AlbertoMotaUITests */,
				D3491768209250760058D4F5 /* Products */,
				D34917A420925EAC0058D4F5 /* Frameworks */,
				9BBB95432B629C4ECFCFBD57 /* Pods */,
			);
			sourceTree = "<group>";
		};
		D3491768209250760058D4F5 /* Products */ = {
			isa = PBXGroup;
			children = (
				D3491767209250760058D4F5 /* Test-eBay-AlbertoMota.app */,
				D349177F209250770058D4F5 /* Test-eBay-AlbertoMotaTests.xctest */,
				D349178A209250770058D4F5 /* Test-eBay-AlbertoMotaUITests.xctest */,
			);
			name = Products;
			sourceTree = "<group>";
		};
		D3491769209250760058D4F5 /* Test-eBay-AlbertoMota */ = {
			isa = PBXGroup;
			children = (
				D349176A209250760058D4F5 /* AppDelegate.h */,
				D349176B209250760058D4F5 /* AppDelegate.m */,
				D349176D209250760058D4F5 /* ViewController.h */,
				D349176E209250760058D4F5 /* ViewController.m */,
				D3491770209250760058D4F5 /* Main.storyboard */,
				D3491773209250770058D4F5 /* Assets.xcassets */,
				D3491775209250770058D4F5 /* LaunchScreen.storyboard */,
				D3491778209250770058D4F5 /* Info.plist */,
				D3491779209250770058D4F5 /* main.m */,
				D34917AD2092A8D60058D4F5 /* InfiniteScrollView.h */,
				D34917AE2092A8D60058D4F5 /* InfiniteScrollView.m */,
				D34917B02092C0770058D4F5 /* ElementView.h */,
				D34917B12092C0770058D4F5 /* ElementView.m */,
				D31718EC209319BE00EF7279 /* ElementView.xib */,
			);
			path = "Test-eBay-AlbertoMota";
			sourceTree = "<group>";
		};
		D3491782209250770058D4F5 /* Test-eBay-AlbertoMotaTests */ = {
			isa = PBXGroup;
			children = (
				D3491783209250770058D4F5 /* Test_eBay_AlbertoMotaTests.m */,
				D3491785209250770058D4F5 /* Info.plist */,
			);
			path = "Test-eBay-AlbertoMotaTests";
			sourceTree = "<group>";
		};
		D349178D209250770058D4F5 /* Test-eBay-AlbertoMotaUITests */ = {
			isa = PBXGroup;
			children = (
				D349178E209250770058D4F5 /* Test_eBay_AlbertoMotaUITests.m */,
				D3491790209250770058D4F5 /* Info.plist */,
			);
			path = "Test-eBay-AlbertoMotaUITests";
			sourceTree = "<group>";
		};
		D34917A420925EAC0058D4F5 /* Frameworks */ = {
			isa = PBXGroup;
			children = (
				D31718EA209304E400EF7279 /* libAFNetworking.a */,
				D34917A520925EAC0058D4F5 /* QuartzCore.framework */,
				E639DE05FC9CFD043627174A /* libPods-Test-eBay-AlbertoMota.a */,
				0AAD8342174BFBDF18045731 /* libPods-Test-eBay-AlbertoMotaTests.a */,
				169E6DD1F9FAA6CD994D26A7 /* libPods-Test-eBay-AlbertoMotaUITests.a */,
			);
			name = Frameworks;
			sourceTree = "<group>";
		};
/* End PBXGroup section */

/* Begin PBXNativeTarget section */
		D3491766209250760058D4F5 /* Test-eBay-AlbertoMota */ = {
			isa = PBXNativeTarget;
			buildConfigurationList = D3491793209250770058D4F5 /* Build configuration list for PBXNativeTarget "Test-eBay-AlbertoMota" */;
			buildPhases = (
				83188FEC86BA59D02F632581 /* [CP] Check Pods Manifest.lock */,
				D3491763209250760058D4F5 /* Sources */,
				D3491764209250760058D4F5 /* Frameworks */,
				D3491765209250760058D4F5 /* Resources */,
			);
			buildRules = (
			);
			dependencies = (
			);
			name = "Test-eBay-AlbertoMota";
			productName = "Test-eBay-AlbertoMota";
			productReference = D3491767209250760058D4F5 /* Test-eBay-AlbertoMota.app */;
			productType = "com.apple.product-type.application";
		};
		D349177E209250770058D4F5 /* Test-eBay-AlbertoMotaTests */ = {
			isa = PBXNativeTarget;
			buildConfigurationList = D3491796209250770058D4F5 /* Build configuration list for PBXNativeTarget "Test-eBay-AlbertoMotaTests" */;
			buildPhases = (
				608F1F398C10B0E992FC06E8 /* [CP] Check Pods Manifest.lock */,
				D349177B209250770058D4F5 /* Sources */,
				D349177C209250770058D4F5 /* Frameworks */,
				D349177D209250770058D4F5 /* Resources */,
			);
			buildRules = (
			);
			dependencies = (
				D3491781209250770058D4F5 /* PBXTargetDependency */,
			);
			name = "Test-eBay-AlbertoMotaTests";
			productName = "Test-eBay-AlbertoMotaTests";
			productReference = D349177F209250770058D4F5 /* Test-eBay-AlbertoMotaTests.xctest */;
			productType = "com.apple.product-type.bundle.unit-test";
		};
		D3491789209250770058D4F5 /* Test-eBay-AlbertoMotaUITests */ = {
			isa = PBXNativeTarget;
			buildConfigurationList = D3491799209250770058D4F5 /* Build configuration list for PBXNativeTarget "Test-eBay-AlbertoMotaUITests" */;
			buildPhases = (
				FB6510B0CEE31768DE8BAD3E /* [CP] Check Pods Manifest.lock */,
				D3491786209250770058D4F5 /* Sources */,
				D3491787209250770058D4F5 /* Frameworks */,
				D3491788209250770058D4F5 /* Resources */,
			);
			buildRules = (
			);
			dependencies = (
				D349178C209250770058D4F5 /* PBXTargetDependency */,
			);
			name = "Test-eBay-AlbertoMotaUITests";
			productName = "Test-eBay-AlbertoMotaUITests";
			productReference = D349178A209250770058D4F5 /* Test-eBay-AlbertoMotaUITests.xctest */;
			productType = "com.apple.product-type.bundle.ui-testing";
		};
/* End PBXNativeTarget section */

/* Begin PBXProject section */
		D349175F209250760058D4F5 /* Project object */ = {
			isa = PBXProject;
			attributes = {
				LastUpgradeCheck = 0930;
				ORGANIZATIONNAME = "Alberto Mota";
				TargetAttributes = {
					D3491766209250760058D4F5 = {
						CreatedOnToolsVersion = 9.3;
					};
					D349177E209250770058D4F5 = {
						CreatedOnToolsVersion = 9.3;
						TestTargetID = D3491766209250760058D4F5;
					};
					D3491789209250770058D4F5 = {
						CreatedOnToolsVersion = 9.3;
						TestTargetID = D3491766209250760058D4F5;
					};
				};
			};
			buildConfigurationList = D3491762209250760058D4F5 /* Build configuration list for PBXProject "Test-eBay-AlbertoMota" */;
			compatibilityVersion = "Xcode 9.3";
			developmentRegion = en;
			hasScannedForEncodings = 0;
			knownRegions = (
				en,
				Base,
			);
			mainGroup = D349175E209250760058D4F5;
			productRefGroup = D3491768209250760058D4F5 /* Products */;
			projectDirPath = "";
			projectRoot = "";
			targets = (
				D3491766209250760058D4F5 /* Test-eBay-AlbertoMota */,
				D349177E209250770058D4F5 /* Test-eBay-AlbertoMotaTests */,
				D3491789209250770058D4F5 /* Test-eBay-AlbertoMotaUITests */,
			);
		};
/* End PBXProject section */

/* Begin PBXResourcesBuildPhase section */
		D3491765209250760058D4F5 /* Resources */ = {
			isa = PBXResourcesBuildPhase;
			buildActionMask = 2147483647;
			files = (
				D3491777209250770058D4F5 /* LaunchScreen.storyboard in Resources */,
				D31718ED209319BE00EF7279 /* ElementView.xib in Resources */,
				D3491774209250770058D4F5 /* Assets.xcassets in Resources */,
				D3491772209250760058D4F5 /* Main.storyboard in Resources */,
			);
			runOnlyForDeploymentPostprocessing = 0;
		};
		D349177D209250770058D4F5 /* Resources */ = {
			isa = PBXResourcesBuildPhase;
			buildActionMask = 2147483647;
			files = (
			);
			runOnlyForDeploymentPostprocessing = 0;
		};
		D3491788209250770058D4F5 /* Resources */ = {
			isa = PBXResourcesBuildPhase;
			buildActionMask = 2147483647;
			files = (
			);
			runOnlyForDeploymentPostprocessing = 0;
		};
/* End PBXResourcesBuildPhase section */

/* Begin PBXShellScriptBuildPhase section */
		608F1F398C10B0E992FC06E8 /* [CP] Check Pods Manifest.lock */ = {
			isa = PBXShellScriptBuildPhase;
			buildActionMask = 2147483647;
			files = (
			);
			inputPaths = (
				"${PODS_PODFILE_DIR_PATH}/Podfile.lock",
				"${PODS_ROOT}/Manifest.lock",
			);
			name = "[CP] Check Pods Manifest.lock";
			outputPaths = (
				"$(DERIVED_FILE_DIR)/Pods-Test-eBay-AlbertoMotaTests-checkManifestLockResult.txt",
			);
			runOnlyForDeploymentPostprocessing = 0;
			shellPath = /bin/sh;
			shellScript = "diff \"${PODS_PODFILE_DIR_PATH}/Podfile.lock\" \"${PODS_ROOT}/Manifest.lock\" > /dev/null\nif [ $? != 0 ] ; then\n    # print error to STDERR\n    echo \"error: The sandbox is not in sync with the Podfile.lock. Run 'pod install' or update your CocoaPods installation.\" >&2\n    exit 1\nfi\n# This output is used by Xcode 'outputs' to avoid re-running this script phase.\necho \"SUCCESS\" > \"${SCRIPT_OUTPUT_FILE_0}\"\n";
			showEnvVarsInLog = 0;
		};
		83188FEC86BA59D02F632581 /* [CP] Check Pods Manifest.lock */ = {
			isa = PBXShellScriptBuildPhase;
			buildActionMask = 2147483647;
			files = (
			);
			inputPaths = (
				"${PODS_PODFILE_DIR_PATH}/Podfile.lock",
				"${PODS_ROOT}/Manifest.lock",
			);
			name = "[CP] Check Pods Manifest.lock";
			outputPaths = (
				"$(DERIVED_FILE_DIR)/Pods-Test-eBay-AlbertoMota-checkManifestLockResult.txt",
			);
			runOnlyForDeploymentPostprocessing = 0;
			shellPath = /bin/sh;
			shellScript = "diff \"${PODS_PODFILE_DIR_PATH}/Podfile.lock\" \"${PODS_ROOT}/Manifest.lock\" > /dev/null\nif [ $? != 0 ] ; then\n    # print error to STDERR\n    echo \"error: The sandbox is not in sync with the Podfile.lock. Run 'pod install' or update your CocoaPods installation.\" >&2\n    exit 1\nfi\n# This output is used by Xcode 'outputs' to avoid re-running this script phase.\necho \"SUCCESS\" > \"${SCRIPT_OUTPUT_FILE_0}\"\n";
			showEnvVarsInLog = 0;
		};
		FB6510B0CEE31768DE8BAD3E /* [CP] Check Pods Manifest.lock */ = {
			isa = PBXShellScriptBuildPhase;
			buildActionMask = 2147483647;
			files = (
			);
			inputPaths = (
				"${PODS_PODFILE_DIR_PATH}/Podfile.lock",
				"${PODS_ROOT}/Manifest.lock",
			);
			name = "[CP] Check Pods Manifest.lock";
			outputPaths = (
				"$(DERIVED_FILE_DIR)/Pods-Test-eBay-AlbertoMotaUITests-checkManifestLockResult.txt",
			);
			runOnlyForDeploymentPostprocessing = 0;
			shellPath = /bin/sh;
			shellScript = "diff \"${PODS_PODFILE_DIR_PATH}/Podfile.lock\" \"${PODS_ROOT}/Manifest.lock\" > /dev/null\nif [ $? != 0 ] ; then\n    # print error to STDERR\n    echo \"error: The sandbox is not in sync with the Podfile.lock. Run 'pod install' or update your CocoaPods installation.\" >&2\n    exit 1\nfi\n# This output is used by Xcode 'outputs' to avoid re-running this script phase.\necho \"SUCCESS\" > \"${SCRIPT_OUTPUT_FILE_0}\"\n";
			showEnvVarsInLog = 0;
		};
/* End PBXShellScriptBuildPhase section */

/* Begin PBXSourcesBuildPhase section */
		D3491763209250760058D4F5 /* Sources */ = {
			isa = PBXSourcesBuildPhase;
			buildActionMask = 2147483647;
			files = (
				D34917AF2092A8D60058D4F5 /* InfiniteScrollView.m in Sources */,
				D349176F209250760058D4F5 /* ViewController.m in Sources */,
				D349177A209250770058D4F5 /* main.m in Sources */,
				D349176C209250760058D4F5 /* AppDelegate.m in Sources */,
				D34917B22092C0770058D4F5 /* ElementView.m in Sources */,
			);
			runOnlyForDeploymentPostprocessing = 0;
		};
		D349177B209250770058D4F5 /* Sources */ = {
			isa = PBXSourcesBuildPhase;
			buildActionMask = 2147483647;
			files = (
				D3491784209250770058D4F5 /* Test_eBay_AlbertoMotaTests.m in Sources */,
			);
			runOnlyForDeploymentPostprocessing = 0;
		};
		D3491786209250770058D4F5 /* Sources */ = {
			isa = PBXSourcesBuildPhase;
			buildActionMask = 2147483647;
			files = (
				D349178F209250770058D4F5 /* Test_eBay_AlbertoMotaUITests.m in Sources */,
			);
			runOnlyForDeploymentPostprocessing = 0;
		};
/* End PBXSourcesBuildPhase section */

/* Begin PBXTargetDependency section */
		D3491781209250770058D4F5 /* PBXTargetDependency */ = {
			isa = PBXTargetDependency;
			target = D3491766209250760058D4F5 /* Test-eBay-AlbertoMota */;
			targetProxy = D3491780209250770058D4F5 /* PBXContainerItemProxy */;
		};
		D349178C209250770058D4F5 /* PBXTargetDependency */ = {
			isa = PBXTargetDependency;
			target = D3491766209250760058D4F5 /* Test-eBay-AlbertoMota */;
			targetProxy = D349178B209250770058D4F5 /* PBXContainerItemProxy */;
		};
/* End PBXTargetDependency section */

/* Begin PBXVariantGroup section */
		D3491770209250760058D4F5 /* Main.storyboard */ = {
			isa = PBXVariantGroup;
			children = (
				D3491771209250760058D4F5 /* Base */,
			);
			name = Main.storyboard;
			sourceTree = "<group>";
		};
		D3491775209250770058D4F5 /* LaunchScreen.storyboard */ = {
			isa = PBXVariantGroup;
			children = (
				D3491776209250770058D4F5 /* Base */,
			);
			name = LaunchScreen.storyboard;
			sourceTree = "<group>";
		};
/* End PBXVariantGroup section */

/* Begin XCBuildConfiguration section */
		D3491791209250770058D4F5 /* Debug */ = {
			isa = XCBuildConfiguration;
			buildSettings = {
				ALWAYS_SEARCH_USER_PATHS = NO;
				CLANG_ANALYZER_NONNULL = YES;
				CLANG_ANALYZER_NUMBER_OBJECT_CONVERSION = YES_AGGRESSIVE;
				CLANG_CXX_LANGUAGE_STANDARD = "gnu++14";
				CLANG_CXX_LIBRARY = "libc++";
				CLANG_ENABLE_MODULES = YES;
				CLANG_ENABLE_OBJC_ARC = YES;
				CLANG_ENABLE_OBJC_WEAK = YES;
				CLANG_WARN_BLOCK_CAPTURE_AUTORELEASING = YES;
				CLANG_WARN_BOOL_CONVERSION = YES;
				CLANG_WARN_COMMA = YES;
				CLANG_WARN_CONSTANT_CONVERSION = YES;
				CLANG_WARN_DEPRECATED_OBJC_IMPLEMENTATIONS = YES;
				CLANG_WARN_DIRECT_OBJC_ISA_USAGE = YES_ERROR;
				CLANG_WARN_DOCUMENTATION_COMMENTS = YES;
				CLANG_WARN_EMPTY_BODY = YES;
				CLANG_WARN_ENUM_CONVERSION = YES;
				CLANG_WARN_INFINITE_RECURSION = YES;
				CLANG_WARN_INT_CONVERSION = YES;
				CLANG_WARN_NON_LITERAL_NULL_CONVERSION = YES;
				CLANG_WARN_OBJC_IMPLICIT_RETAIN_SELF = YES;
				CLANG_WARN_OBJC_LITERAL_CONVERSION = YES;
				CLANG_WARN_OBJC_ROOT_CLASS = YES_ERROR;
				CLANG_WARN_RANGE_LOOP_ANALYSIS = YES;
				CLANG_WARN_STRICT_PROTOTYPES = YES;
				CLANG_WARN_SUSPICIOUS_MOVE = YES;
				CLANG_WARN_UNGUARDED_AVAILABILITY = YES_AGGRESSIVE;
				CLANG_WARN_UNREACHABLE_CODE = YES;
				CLANG_WARN__DUPLICATE_METHOD_MATCH = YES;
				CODE_SIGN_IDENTITY = "iPhone Developer";
				COPY_PHASE_STRIP = NO;
				DEBUG_INFORMATION_FORMAT = dwarf;
				ENABLE_STRICT_OBJC_MSGSEND = YES;
				ENABLE_TESTABILITY = YES;
				GCC_C_LANGUAGE_STANDARD = gnu11;
				GCC_DYNAMIC_NO_PIC = NO;
				GCC_NO_COMMON_BLOCKS = YES;
				GCC_OPTIMIZATION_LEVEL = 0;
				GCC_PREPROCESSOR_DEFINITIONS = (
					"DEBUG=1",
					"$(inherited)",
				);
				GCC_WARN_64_TO_32_BIT_CONVERSION = YES;
				GCC_WARN_ABOUT_RETURN_TYPE = YES_ERROR;
				GCC_WARN_UNDECLARED_SELECTOR = YES;
				GCC_WARN_UNINITIALIZED_AUTOS = YES_AGGRESSIVE;
				GCC_WARN_UNUSED_FUNCTION = YES;
				GCC_WARN_UNUSED_VARIABLE = YES;
				IPHONEOS_DEPLOYMENT_TARGET = 11.3;
				MTL_ENABLE_DEBUG_INFO = YES;
				ONLY_ACTIVE_ARCH = YES;
				SDKROOT = iphoneos;
			};
			name = Debug;
		};
		D3491792209250770058D4F5 /* Release */ = {
			isa = XCBuildConfiguration;
			buildSettings = {
				ALWAYS_SEARCH_USER_PATHS = NO;
				CLANG_ANALYZER_NONNULL = YES;
				CLANG_ANALYZER_NUMBER_OBJECT_CONVERSION = YES_AGGRESSIVE;
				CLANG_CXX_LANGUAGE_STANDARD = "gnu++14";
				CLANG_CXX_LIBRARY = "libc++";
				CLANG_ENABLE_MODULES = YES;
				CLANG_ENABLE_OBJC_ARC = YES;
				CLANG_ENABLE_OBJC_WEAK = YES;
				CLANG_WARN_BLOCK_CAPTURE_AUTORELEASING = YES;
				CLANG_WARN_BOOL_CONVERSION = YES;
				CLANG_WARN_COMMA = YES;
				CLANG_WARN_CONSTANT_CONVERSION = YES;
				CLANG_WARN_DEPRECATED_OBJC_IMPLEMENTATIONS = YES;
				CLANG_WARN_DIRECT_OBJC_ISA_USAGE = YES_ERROR;
				CLANG_WARN_DOCUMENTATION_COMMENTS = YES;
				CLANG_WARN_EMPTY_BODY = YES;
				CLANG_WARN_ENUM_CONVERSION = YES;
				CLANG_WARN_INFINITE_RECURSION = YES;
				CLANG_WARN_INT_CONVERSION = YES;
				CLANG_WARN_NON_LITERAL_NULL_CONVERSION = YES;
				CLANG_WARN_OBJC_IMPLICIT_RETAIN_SELF = YES;
				CLANG_WARN_OBJC_LITERAL_CONVERSION = YES;
				CLANG_WARN_OBJC_ROOT_CLASS = YES_ERROR;
				CLANG_WARN_RANGE_LOOP_ANALYSIS = YES;
				CLANG_WARN_STRICT_PROTOTYPES = YES;
				CLANG_WARN_SUSPICIOUS_MOVE = YES;
				CLANG_WARN_UNGUARDED_AVAILABILITY = YES_AGGRESSIVE;
				CLANG_WARN_UNREACHABLE_CODE = YES;
				CLANG_WARN__DUPLICATE_METHOD_MATCH = YES;
				CODE_SIGN_IDENTITY = "iPhone Developer";
				COPY_PHASE_STRIP = NO;
				DEBUG_INFORMATION_FORMAT = "dwarf-with-dsym";
				ENABLE_NS_ASSERTIONS = NO;
				ENABLE_STRICT_OBJC_MSGSEND = YES;
				GCC_C_LANGUAGE_STANDARD = gnu11;
				GCC_NO_COMMON_BLOCKS = YES;
				GCC_WARN_64_TO_32_BIT_CONVERSION = YES;
				GCC_WARN_ABOUT_RETURN_TYPE = YES_ERROR;
				GCC_WARN_UNDECLARED_SELECTOR = YES;
				GCC_WARN_UNINITIALIZED_AUTOS = YES_AGGRESSIVE;
				GCC_WARN_UNUSED_FUNCTION = YES;
				GCC_WARN_UNUSED_VARIABLE = YES;
				IPHONEOS_DEPLOYMENT_TARGET = 11.3;
				MTL_ENABLE_DEBUG_INFO = NO;
				SDKROOT = iphoneos;
				VALIDATE_PRODUCT = YES;
			};
			name = Release;
		};
		D3491794209250770058D4F5 /* Debug */ = {
			isa = XCBuildConfiguration;
			baseConfigurationReference = 048294C0A27F54E5A81A88FA /* Pods-Test-eBay-AlbertoMota.debug.xcconfig */;
			buildSettings = {
				ASSETCATALOG_COMPILER_APPICON_NAME = AppIcon;
				CODE_SIGN_STYLE = Automatic;
				DEVELOPMENT_TEAM = SW5358BQEF;
				INFOPLIST_FILE = "Test-eBay-AlbertoMota/Info.plist";
				LD_RUNPATH_SEARCH_PATHS = (
					"$(inherited)",
					"@executable_path/Frameworks",
				);
				PRODUCT_BUNDLE_IDENTIFIER = "alberto.mota.Test-eBay-AlbertoMota";
				PRODUCT_NAME = "$(TARGET_NAME)";
				TARGETED_DEVICE_FAMILY = "1,2";
			};
			name = Debug;
		};
		D3491795209250770058D4F5 /* Release */ = {
			isa = XCBuildConfiguration;
			baseConfigurationReference = 249AB7B08B1B00CE95BC8BB6 /* Pods-Test-eBay-AlbertoMota.release.xcconfig */;
			buildSettings = {
				ASSETCATALOG_COMPILER_APPICON_NAME = AppIcon;
				CODE_SIGN_STYLE = Automatic;
				DEVELOPMENT_TEAM = SW5358BQEF;
				INFOPLIST_FILE = "Test-eBay-AlbertoMota/Info.plist";
				LD_RUNPATH_SEARCH_PATHS = (
					"$(inherited)",
					"@executable_path/Frameworks",
				);
				PRODUCT_BUNDLE_IDENTIFIER = "alberto.mota.Test-eBay-AlbertoMota";
				PRODUCT_NAME = "$(TARGET_NAME)";
				TARGETED_DEVICE_FAMILY = "1,2";
			};
			name = Release;
		};
		D3491797209250770058D4F5 /* Debug */ = {
			isa = XCBuildConfiguration;
			baseConfigurationReference = DA376BD8EA7E338551918E89 /* Pods-Test-eBay-AlbertoMotaTests.debug.xcconfig */;
			buildSettings = {
				BUNDLE_LOADER = "$(TEST_HOST)";
				CODE_SIGN_STYLE = Automatic;
				DEVELOPMENT_TEAM = SW5358BQEF;
				INFOPLIST_FILE = "Test-eBay-AlbertoMotaTests/Info.plist";
				LD_RUNPATH_SEARCH_PATHS = (
					"$(inherited)",
					"@executable_path/Frameworks",
					"@loader_path/Frameworks",
				);
				PRODUCT_BUNDLE_IDENTIFIER = "alberto.mota.Test-eBay-AlbertoMotaTests";
				PRODUCT_NAME = "$(TARGET_NAME)";
				TARGETED_DEVICE_FAMILY = "1,2";
				TEST_HOST = "$(BUILT_PRODUCTS_DIR)/Test-eBay-AlbertoMota.app/Test-eBay-AlbertoMota";
			};
			name = Debug;
		};
		D3491798209250770058D4F5 /* Release */ = {
			isa = XCBuildConfiguration;
			baseConfigurationReference = D459D806A2C6CFE68CBD2573 /* Pods-Test-eBay-AlbertoMotaTests.release.xcconfig */;
			buildSettings = {
				BUNDLE_LOADER = "$(TEST_HOST)";
				CODE_SIGN_STYLE = Automatic;
				DEVELOPMENT_TEAM = SW5358BQEF;
				INFOPLIST_FILE = "Test-eBay-AlbertoMotaTests/Info.plist";
				LD_RUNPATH_SEARCH_PATHS = (
					"$(inherited)",
					"@executable_path/Frameworks",
					"@loader_path/Frameworks",
				);
				PRODUCT_BUNDLE_IDENTIFIER = "alberto.mota.Test-eBay-AlbertoMotaTests";
				PRODUCT_NAME = "$(TARGET_NAME)";
				TARGETED_DEVICE_FAMILY = "1,2";
				TEST_HOST = "$(BUILT_PRODUCTS_DIR)/Test-eBay-AlbertoMota.app/Test-eBay-AlbertoMota";
			};
			name = Release;
		};
		D349179A209250770058D4F5 /* Debug */ = {
			isa = XCBuildConfiguration;
			baseConfigurationReference = E039BA1658BFDAA78054E6C1 /* Pods-Test-eBay-AlbertoMotaUITests.debug.xcconfig */;
			buildSettings = {
				CODE_SIGN_STYLE = Automatic;
				DEVELOPMENT_TEAM = SW5358BQEF;
				INFOPLIST_FILE = "Test-eBay-AlbertoMotaUITests/Info.plist";
				LD_RUNPATH_SEARCH_PATHS = (
					"$(inherited)",
					"@executable_path/Frameworks",
					"@loader_path/Frameworks",
				);
				PRODUCT_BUNDLE_IDENTIFIER = "alberto.mota.Test-eBay-AlbertoMotaUITests";
				PRODUCT_NAME = "$(TARGET_NAME)";
				TARGETED_DEVICE_FAMILY = "1,2";
				TEST_TARGET_NAME = "Test-eBay-AlbertoMota";
			};
			name = Debug;
		};
		D349179B209250770058D4F5 /* Release */ = {
			isa = XCBuildConfiguration;
			baseConfigurationReference = 1EFB1FC173DF77301835EB79 /* Pods-Test-eBay-AlbertoMotaUITests.release.xcconfig */;
			buildSettings = {
				CODE_SIGN_STYLE = Automatic;
				DEVELOPMENT_TEAM = SW5358BQEF;
				INFOPLIST_FILE = "Test-eBay-AlbertoMotaUITests/Info.plist";
				LD_RUNPATH_SEARCH_PATHS = (
					"$(inherited)",
					"@executable_path/Frameworks",
					"@loader_path/Frameworks",
				);
				PRODUCT_BUNDLE_IDENTIFIER = "alberto.mota.Test-eBay-AlbertoMotaUITests";
				PRODUCT_NAME = "$(TARGET_NAME)";
				TARGETED_DEVICE_FAMILY = "1,2";
				TEST_TARGET_NAME = "Test-eBay-AlbertoMota";
			};
			name = Release;
		};
/* End XCBuildConfiguration section */

/* Begin XCConfigurationList section */
		D3491762209250760058D4F5 /* Build configuration list for PBXProject "Test-eBay-AlbertoMota" */ = {
			isa = XCConfigurationList;
			buildConfigurations = (
				D3491791209250770058D4F5 /* Debug */,
				D3491792209250770058D4F5 /* Release */,
			);
			defaultConfigurationIsVisible = 0;
			defaultConfigurationName = Release;
		};
		D3491793209250770058D4F5 /* Build configuration list for PBXNativeTarget "Test-eBay-AlbertoMota" */ = {
			isa = XCConfigurationList;
			buildConfigurations = (
				D3491794209250770058D4F5 /* Debug */,
				D3491795209250770058D4F5 /* Release */,
			);
			defaultConfigurationIsVisible = 0;
			defaultConfigurationName = Release;
		};
		D3491796209250770058D4F5 /* Build configuration list for PBXNativeTarget "Test-eBay-AlbertoMotaTests" */ = {
			isa = XCConfigurationList;
			buildConfigurations = (
				D3491797209250770058D4F5 /* Debug */,
				D3491798209250770058D4F5 /* Release */,
			);
			defaultConfigurationIsVisible = 0;
			defaultConfigurationName = Release;
		};
		D3491799209250770058D4F5 /* Build configuration list for PBXNativeTarget "Test-eBay-AlbertoMotaUITests" */ = {
			isa = XCConfigurationList;
			buildConfigurations = (
				D349179A209250770058D4F5 /* Debug */,
				D349179B209250770058D4F5 /* Release */,
			);
			defaultConfigurationIsVisible = 0;
			defaultConfigurationName = Release;
		};
/* End XCConfigurationList section */
	};
	rootObject = D349175F209250760058D4F5 /* Project object */;
}
